// !$*UTF8*$!
{
	archiveVersion = 1;
	classes = {
	};
	objectVersion = 46;
	objects = {

/* Begin PBXBuildFile section */
		2461B21620FC8E6400C2BE53 /* IMUIInputViewDelegate.swift in Sources */ = {isa = PBXBuildFile; fileRef = 2461B1D020FC8E6400C2BE53 /* IMUIInputViewDelegate.swift */; };
		2461B21720FC8E6400C2BE53 /* BundleInputViewExtension.swift in Sources */ = {isa = PBXBuildFile; fileRef = 2461B1D220FC8E6400C2BE53 /* BundleInputViewExtension.swift */; };
		2461B21820FC8E6400C2BE53 /* IMUIRecordVoiceHelper.swift in Sources */ = {isa = PBXBuildFile; fileRef = 2461B1D420FC8E6400C2BE53 /* IMUIRecordVoiceHelper.swift */; };
		2461B21920FC8E6400C2BE53 /* IMUIInputView.swift in Sources */ = {isa = PBXBuildFile; fileRef = 2461B1D520FC8E6400C2BE53 /* IMUIInputView.swift */; };
		2461B21A20FC8E6400C2BE53 /* IMUIGalleryDataManager.swift in Sources */ = {isa = PBXBuildFile; fileRef = 2461B1D620FC8E6400C2BE53 /* IMUIGalleryDataManager.swift */; };
		2461B21B20FC8E6400C2BE53 /* IMUIInputView.xib in Resources */ = {isa = PBXBuildFile; fileRef = 2461B1D720FC8E6400C2BE53 /* IMUIInputView.xib */; };
		2461B21C20FC8E6400C2BE53 /* IMUICameraCell.swift in Sources */ = {isa = PBXBuildFile; fileRef = 2461B1D920FC8E6400C2BE53 /* IMUICameraCell.swift */; };
		2461B21D20FC8E6400C2BE53 /* IMUIRecordVoiceCell.swift in Sources */ = {isa = PBXBuildFile; fileRef = 2461B1DA20FC8E6400C2BE53 /* IMUIRecordVoiceCell.swift */; };
		2461B21E20FC8E6400C2BE53 /* IMUIFeatureView.xib in Resources */ = {isa = PBXBuildFile; fileRef = 2461B1DB20FC8E6400C2BE53 /* IMUIFeatureView.xib */; };
		2461B21F20FC8E6400C2BE53 /* IMUIProgressButton.swift in Sources */ = {isa = PBXBuildFile; fileRef = 2461B1DC20FC8E6400C2BE53 /* IMUIProgressButton.swift */; };
		2461B22020FC8E6400C2BE53 /* IMUIFeatureView.swift in Sources */ = {isa = PBXBuildFile; fileRef = 2461B1DD20FC8E6400C2BE53 /* IMUIFeatureView.swift */; };
		2461B22120FC8E6400C2BE53 /* IMUICameraCell.xib in Resources */ = {isa = PBXBuildFile; fileRef = 2461B1DE20FC8E6400C2BE53 /* IMUICameraCell.xib */; };
		2461B22220FC8E6400C2BE53 /* IMUIGalleryCell.swift in Sources */ = {isa = PBXBuildFile; fileRef = 2461B1DF20FC8E6400C2BE53 /* IMUIGalleryCell.swift */; };
		2461B22320FC8E6400C2BE53 /* IMUICameraPreviewView.swift in Sources */ = {isa = PBXBuildFile; fileRef = 2461B1E020FC8E6400C2BE53 /* IMUICameraPreviewView.swift */; };
		2461B22420FC8E6400C2BE53 /* IMUIGalleryCell.xib in Resources */ = {isa = PBXBuildFile; fileRef = 2461B1E120FC8E6400C2BE53 /* IMUIGalleryCell.xib */; };
		2461B22520FC8E6400C2BE53 /* IMUIPhotoCaptureDelegate.swift in Sources */ = {isa = PBXBuildFile; fileRef = 2461B1E220FC8E6400C2BE53 /* IMUIPhotoCaptureDelegate.swift */; };
		2461B22620FC8E6400C2BE53 /* IMUIRecordVoiceCell.xib in Resources */ = {isa = PBXBuildFile; fileRef = 2461B1E320FC8E6400C2BE53 /* IMUIRecordVoiceCell.xib */; };
		2461B22720FC8E6400C2BE53 /* IMUIInputViewAssets.bundle in Resources */ = {isa = PBXBuildFile; fileRef = 2461B1E520FC8E6400C2BE53 /* IMUIInputViewAssets.bundle */; };
		2461B22820FC8E6400C2BE53 /* BundleMessageListExtension.swift in Sources */ = {isa = PBXBuildFile; fileRef = 2461B1E920FC8E6400C2BE53 /* BundleMessageListExtension.swift */; };
		2461B22920FC8E6400C2BE53 /* UIImageMessageListExtension.swift in Sources */ = {isa = PBXBuildFile; fileRef = 2461B1EA20FC8E6400C2BE53 /* UIImageMessageListExtension.swift */; };
		2461B22A20FC8E6400C2BE53 /* IMUIMessageCellLayout.swift in Sources */ = {isa = PBXBuildFile; fileRef = 2461B1EC20FC8E6400C2BE53 /* IMUIMessageCellLayout.swift */; };
		2461B22B20FC8E6400C2BE53 /* IMUIMessageModel.swift in Sources */ = {isa = PBXBuildFile; fileRef = 2461B1EE20FC8E6400C2BE53 /* IMUIMessageModel.swift */; };
		2461B22C20FC8E6400C2BE53 /* IMUIViewCache.swift in Sources */ = {isa = PBXBuildFile; fileRef = 2461B1EF20FC8E6400C2BE53 /* IMUIViewCache.swift */; };
		2461B22D20FC8E6400C2BE53 /* IMUIReuseViewCache.swift in Sources */ = {isa = PBXBuildFile; fileRef = 2461B1F020FC8E6400C2BE53 /* IMUIReuseViewCache.swift */; };
		2461B22E20FC8E6400C2BE53 /* IMUIUserProtocol.swift in Sources */ = {isa = PBXBuildFile; fileRef = 2461B1F220FC8E6400C2BE53 /* IMUIUserProtocol.swift */; };
		2461B22F20FC8E6400C2BE53 /* IMUIMessageMessageCollectionViewDelegate.swift in Sources */ = {isa = PBXBuildFile; fileRef = 2461B1F320FC8E6400C2BE53 /* IMUIMessageMessageCollectionViewDelegate.swift */; };
		2461B23020FC8E6400C2BE53 /* IMUIMessageStatusViewProtocal.swift in Sources */ = {isa = PBXBuildFile; fileRef = 2461B1F420FC8E6400C2BE53 /* IMUIMessageStatusViewProtocal.swift */; };
		2461B23120FC8E6400C2BE53 /* IMUIMessageCellProtocal.swift in Sources */ = {isa = PBXBuildFile; fileRef = 2461B1F520FC8E6400C2BE53 /* IMUIMessageCellProtocal.swift */; };
		2461B23220FC8E6400C2BE53 /* IMUIMessageCellLayoutProtocal.swift in Sources */ = {isa = PBXBuildFile; fileRef = 2461B1F620FC8E6400C2BE53 /* IMUIMessageCellLayoutProtocal.swift */; };
		2461B23320FC8E6400C2BE53 /* IMUIMessageModelProtocol.swift in Sources */ = {isa = PBXBuildFile; fileRef = 2461B1F720FC8E6400C2BE53 /* IMUIMessageModelProtocol.swift */; };
		2461B23420FC8E6400C2BE53 /* IMUIChatDataManager.swift in Sources */ = {isa = PBXBuildFile; fileRef = 2461B1F920FC8E6400C2BE53 /* IMUIChatDataManager.swift */; };
		2461B23520FC8E6400C2BE53 /* IMUIVideoFileLoader.swift in Sources */ = {isa = PBXBuildFile; fileRef = 2461B1FA20FC8E6400C2BE53 /* IMUIVideoFileLoader.swift */; };
		2461B23620FC8E6400C2BE53 /* IMUIChatLayout.swift in Sources */ = {isa = PBXBuildFile; fileRef = 2461B1FB20FC8E6400C2BE53 /* IMUIChatLayout.swift */; };
		2461B23720FC8E6400C2BE53 /* IMUIMessageStatusView.swift in Sources */ = {isa = PBXBuildFile; fileRef = 2461B1FD20FC8E6400C2BE53 /* IMUIMessageStatusView.swift */; };
		2461B23820FC8E6400C2BE53 /* IMUIMessageCollectionView.swift in Sources */ = {isa = PBXBuildFile; fileRef = 2461B1FE20FC8E6400C2BE53 /* IMUIMessageCollectionView.swift */; };
		2461B23920FC8E6400C2BE53 /* IMUIMessageBubbleView.swift in Sources */ = {isa = PBXBuildFile; fileRef = 2461B1FF20FC8E6400C2BE53 /* IMUIMessageBubbleView.swift */; };
		2461B23A20FC8E6400C2BE53 /* IMUITextView.swift in Sources */ = {isa = PBXBuildFile; fileRef = 2461B20020FC8E6400C2BE53 /* IMUITextView.swift */; };
		2461B23B20FC8E6400C2BE53 /* CIImageView.swift in Sources */ = {isa = PBXBuildFile; fileRef = 2461B20120FC8E6400C2BE53 /* CIImageView.swift */; };
		2461B23C20FC8E6400C2BE53 /* IMUIVideoMessageCell.swift in Sources */ = {isa = PBXBuildFile; fileRef = 2461B20220FC8E6400C2BE53 /* IMUIVideoMessageCell.swift */; };
		2461B23D20FC8E6400C2BE53 /* IMUIMessageCollectionView.xib in Resources */ = {isa = PBXBuildFile; fileRef = 2461B20320FC8E6400C2BE53 /* IMUIMessageCollectionView.xib */; };
		2461B23E20FC8E6400C2BE53 /* IMUITextMessageCell.swift in Sources */ = {isa = PBXBuildFile; fileRef = 2461B20420FC8E6400C2BE53 /* IMUITextMessageCell.swift */; };
		2461B23F20FC8E6400C2BE53 /* IMUIImageMessageCell.swift in Sources */ = {isa = PBXBuildFile; fileRef = 2461B20520FC8E6400C2BE53 /* IMUIImageMessageCell.swift */; };
		2461B24020FC8E6400C2BE53 /* IMUIVoiceMessageCell.swift in Sources */ = {isa = PBXBuildFile; fileRef = 2461B20620FC8E6400C2BE53 /* IMUIVoiceMessageCell.swift */; };
		2461B24120FC8E6400C2BE53 /* IMUIBaseMessageCell.swift in Sources */ = {isa = PBXBuildFile; fileRef = 2461B20720FC8E6400C2BE53 /* IMUIBaseMessageCell.swift */; };
		2461B24220FC8E6400C2BE53 /* IMUILiveVideoMessageCell.swift in Sources */ = {isa = PBXBuildFile; fileRef = 2461B20820FC8E6400C2BE53 /* IMUILiveVideoMessageCell.swift */; };
		2461B24320FC8E6400C2BE53 /* IMUIAssets.bundle in Resources */ = {isa = PBXBuildFile; fileRef = 2461B20A20FC8E6400C2BE53 /* IMUIAssets.bundle */; };
		2461B24420FC8E6400C2BE53 /* UIColorExtension.swift in Sources */ = {isa = PBXBuildFile; fileRef = 2461B20D20FC8E6400C2BE53 /* UIColorExtension.swift */; };
		2461B24520FC8E6400C2BE53 /* CMSampleBufferExtension.swift in Sources */ = {isa = PBXBuildFile; fileRef = 2461B20E20FC8E6400C2BE53 /* CMSampleBufferExtension.swift */; };
		2461B24620FC8E6400C2BE53 /* CIImageExtension.swift in Sources */ = {isa = PBXBuildFile; fileRef = 2461B20F20FC8E6400C2BE53 /* CIImageExtension.swift */; };
		2461B24720FC8E6400C2BE53 /* UIViewExtension.swift in Sources */ = {isa = PBXBuildFile; fileRef = 2461B21020FC8E6400C2BE53 /* UIViewExtension.swift */; };
		2461B24820FC8E6400C2BE53 /* StringExtension.swift in Sources */ = {isa = PBXBuildFile; fileRef = 2461B21120FC8E6400C2BE53 /* StringExtension.swift */; };
		2461B24920FC8E6400C2BE53 /* UIImageExtension.swift in Sources */ = {isa = PBXBuildFile; fileRef = 2461B21220FC8E6400C2BE53 /* UIImageExtension.swift */; };
		2461B24A20FC8E6400C2BE53 /* DateExtension.swift in Sources */ = {isa = PBXBuildFile; fileRef = 2461B21320FC8E6400C2BE53 /* DateExtension.swift */; };
		2461B24B20FC8E6400C2BE53 /* IMUIAudioPlayerHelper.swift in Sources */ = {isa = PBXBuildFile; fileRef = 2461B21520FC8E6400C2BE53 /* IMUIAudioPlayerHelper.swift */; };
		625539A41EF3823200F6A239 /* MessageEventCollectionViewCell.swift in Sources */ = {isa = PBXBuildFile; fileRef = 625539A31EF3823100F6A239 /* MessageEventCollectionViewCell.swift */; };
		625539A61EF3853700F6A239 /* MessageEventModel.swift in Sources */ = {isa = PBXBuildFile; fileRef = 625539A51EF3853700F6A239 /* MessageEventModel.swift */; };
		625B68441ECDEFFF007D2CB2 /* AppDelegate.swift in Sources */ = {isa = PBXBuildFile; fileRef = 625B68431ECDEFFF007D2CB2 /* AppDelegate.swift */; };
		625B68461ECDEFFF007D2CB2 /* ViewController.swift in Sources */ = {isa = PBXBuildFile; fileRef = 625B68451ECDEFFF007D2CB2 /* ViewController.swift */; };
		625B68491ECDEFFF007D2CB2 /* Main.storyboard in Resources */ = {isa = PBXBuildFile; fileRef = 625B68471ECDEFFF007D2CB2 /* Main.storyboard */; };
		625B684B1ECDEFFF007D2CB2 /* Assets.xcassets in Resources */ = {isa = PBXBuildFile; fileRef = 625B684A1ECDEFFF007D2CB2 /* Assets.xcassets */; };
		625B684E1ECDEFFF007D2CB2 /* LaunchScreen.storyboard in Resources */ = {isa = PBXBuildFile; fileRef = 625B684C1ECDEFFF007D2CB2 /* LaunchScreen.storyboard */; };
		625B68591ECDEFFF007D2CB2 /* sampleTests.swift in Sources */ = {isa = PBXBuildFile; fileRef = 625B68581ECDEFFF007D2CB2 /* sampleTests.swift */; };
		625B68641ECDEFFF007D2CB2 /* sampleUITests.swift in Sources */ = {isa = PBXBuildFile; fileRef = 625B68631ECDEFFF007D2CB2 /* sampleUITests.swift */; };
		625B68E91ECDF07E007D2CB2 /* MyMessageModel.swift in Sources */ = {isa = PBXBuildFile; fileRef = 625B68E71ECDF07E007D2CB2 /* MyMessageModel.swift */; };
		625B68EA1ECDF07E007D2CB2 /* MyUser.swift in Sources */ = {isa = PBXBuildFile; fileRef = 625B68E81ECDF07E007D2CB2 /* MyUser.swift */; };
		625B68EF1ECDF1A5007D2CB2 /* defoult_header.png in Resources */ = {isa = PBXBuildFile; fileRef = 625B68EC1ECDF1A5007D2CB2 /* defoult_header.png */; };
		625B68F01ECDF1A5007D2CB2 /* defoult_header@2x.png in Resources */ = {isa = PBXBuildFile; fileRef = 625B68ED1ECDF1A5007D2CB2 /* defoult_header@2x.png */; };
		625B68F11ECDF1A5007D2CB2 /* defoult_header@3x.png in Resources */ = {isa = PBXBuildFile; fileRef = 625B68EE1ECDF1A5007D2CB2 /* defoult_header@3x.png */; };
/* End PBXBuildFile section */

/* Begin PBXContainerItemProxy section */
		625B68551ECDEFFF007D2CB2 /* PBXContainerItemProxy */ = {
			isa = PBXContainerItemProxy;
			containerPortal = 625B68381ECDEFFF007D2CB2 /* Project object */;
			proxyType = 1;
			remoteGlobalIDString = 625B683F1ECDEFFF007D2CB2;
			remoteInfo = sample;
		};
		625B68601ECDEFFF007D2CB2 /* PBXContainerItemProxy */ = {
			isa = PBXContainerItemProxy;
			containerPortal = 625B68381ECDEFFF007D2CB2 /* Project object */;
			proxyType = 1;
			remoteGlobalIDString = 625B683F1ECDEFFF007D2CB2;
			remoteInfo = sample;
		};
/* End PBXContainerItemProxy section */

/* Begin PBXFileReference section */
		2461B1D020FC8E6400C2BE53 /* IMUIInputViewDelegate.swift */ = {isa = PBXFileReference; fileEncoding = 4; lastKnownFileType = sourcecode.swift; path = IMUIInputViewDelegate.swift; sourceTree = "<group>"; };
		2461B1D220FC8E6400C2BE53 /* BundleInputViewExtension.swift */ = {isa = PBXFileReference; fileEncoding = 4; lastKnownFileType = sourcecode.swift; path = BundleInputViewExtension.swift; sourceTree = "<group>"; };
		2461B1D420FC8E6400C2BE53 /* IMUIRecordVoiceHelper.swift */ = {isa = PBXFileReference; fileEncoding = 4; lastKnownFileType = sourcecode.swift; path = IMUIRecordVoiceHelper.swift; sourceTree = "<group>"; };
		2461B1D520FC8E6400C2BE53 /* IMUIInputView.swift */ = {isa = PBXFileReference; fileEncoding = 4; lastKnownFileType = sourcecode.swift; path = IMUIInputView.swift; sourceTree = "<group>"; };
		2461B1D620FC8E6400C2BE53 /* IMUIGalleryDataManager.swift */ = {isa = PBXFileReference; fileEncoding = 4; lastKnownFileType = sourcecode.swift; path = IMUIGalleryDataManager.swift; sourceTree = "<group>"; };
		2461B1D720FC8E6400C2BE53 /* IMUIInputView.xib */ = {isa = PBXFileReference; fileEncoding = 4; lastKnownFileType = file.xib; path = IMUIInputView.xib; sourceTree = "<group>"; };
		2461B1D920FC8E6400C2BE53 /* IMUICameraCell.swift */ = {isa = PBXFileReference; fileEncoding = 4; lastKnownFileType = sourcecode.swift; path = IMUICameraCell.swift; sourceTree = "<group>"; };
		2461B1DA20FC8E6400C2BE53 /* IMUIRecordVoiceCell.swift */ = {isa = PBXFileReference; fileEncoding = 4; lastKnownFileType = sourcecode.swift; path = IMUIRecordVoiceCell.swift; sourceTree = "<group>"; };
		2461B1DB20FC8E6400C2BE53 /* IMUIFeatureView.xib */ = {isa = PBXFileReference; fileEncoding = 4; lastKnownFileType = file.xib; path = IMUIFeatureView.xib; sourceTree = "<group>"; };
		2461B1DC20FC8E6400C2BE53 /* IMUIProgressButton.swift */ = {isa = PBXFileReference; fileEncoding = 4; lastKnownFileType = sourcecode.swift; path = IMUIProgressButton.swift; sourceTree = "<group>"; };
		2461B1DD20FC8E6400C2BE53 /* IMUIFeatureView.swift */ = {isa = PBXFileReference; fileEncoding = 4; lastKnownFileType = sourcecode.swift; path = IMUIFeatureView.swift; sourceTree = "<group>"; };
		2461B1DE20FC8E6400C2BE53 /* IMUICameraCell.xib */ = {isa = PBXFileReference; fileEncoding = 4; lastKnownFileType = file.xib; path = IMUICameraCell.xib; sourceTree = "<group>"; };
		2461B1DF20FC8E6400C2BE53 /* IMUIGalleryCell.swift */ = {isa = PBXFileReference; fileEncoding = 4; lastKnownFileType = sourcecode.swift; path = IMUIGalleryCell.swift; sourceTree = "<group>"; };
		2461B1E020FC8E6400C2BE53 /* IMUICameraPreviewView.swift */ = {isa = PBXFileReference; fileEncoding = 4; lastKnownFileType = sourcecode.swift; path = IMUICameraPreviewView.swift; sourceTree = "<group>"; };
		2461B1E120FC8E6400C2BE53 /* IMUIGalleryCell.xib */ = {isa = PBXFileReference; fileEncoding = 4; lastKnownFileType = file.xib; path = IMUIGalleryCell.xib; sourceTree = "<group>"; };
		2461B1E220FC8E6400C2BE53 /* IMUIPhotoCaptureDelegate.swift */ = {isa = PBXFileReference; fileEncoding = 4; lastKnownFileType = sourcecode.swift; path = IMUIPhotoCaptureDelegate.swift; sourceTree = "<group>"; };
		2461B1E320FC8E6400C2BE53 /* IMUIRecordVoiceCell.xib */ = {isa = PBXFileReference; fileEncoding = 4; lastKnownFileType = file.xib; path = IMUIRecordVoiceCell.xib; sourceTree = "<group>"; };
		2461B1E520FC8E6400C2BE53 /* IMUIInputViewAssets.bundle */ = {isa = PBXFileReference; lastKnownFileType = "wrapper.plug-in"; path = IMUIInputViewAssets.bundle; sourceTree = "<group>"; };
		2461B1E720FC8E6400C2BE53 /* IMUI.h */ = {isa = PBXFileReference; fileEncoding = 4; lastKnownFileType = sourcecode.c.h; path = IMUI.h; sourceTree = "<group>"; };
		2461B1E920FC8E6400C2BE53 /* BundleMessageListExtension.swift */ = {isa = PBXFileReference; fileEncoding = 4; lastKnownFileType = sourcecode.swift; path = BundleMessageListExtension.swift; sourceTree = "<group>"; };
		2461B1EA20FC8E6400C2BE53 /* UIImageMessageListExtension.swift */ = {isa = PBXFileReference; fileEncoding = 4; lastKnownFileType = sourcecode.swift; path = UIImageMessageListExtension.swift; sourceTree = "<group>"; };
		2461B1EC20FC8E6400C2BE53 /* IMUIMessageCellLayout.swift */ = {isa = PBXFileReference; fileEncoding = 4; lastKnownFileType = sourcecode.swift; path = IMUIMessageCellLayout.swift; sourceTree = "<group>"; };
		2461B1EE20FC8E6400C2BE53 /* IMUIMessageModel.swift */ = {isa = PBXFileReference; fileEncoding = 4; lastKnownFileType = sourcecode.swift; path = IMUIMessageModel.swift; sourceTree = "<group>"; };
		2461B1EF20FC8E6400C2BE53 /* IMUIViewCache.swift */ = {isa = PBXFileReference; fileEncoding = 4; lastKnownFileType = sourcecode.swift; path = IMUIViewCache.swift; sourceTree = "<group>"; };
		2461B1F020FC8E6400C2BE53 /* IMUIReuseViewCache.swift */ = {isa = PBXFileReference; fileEncoding = 4; lastKnownFileType = sourcecode.swift; path = IMUIReuseViewCache.swift; sourceTree = "<group>"; };
		2461B1F220FC8E6400C2BE53 /* IMUIUserProtocol.swift */ = {isa = PBXFileReference; fileEncoding = 4; lastKnownFileType = sourcecode.swift; path = IMUIUserProtocol.swift; sourceTree = "<group>"; };
		2461B1F320FC8E6400C2BE53 /* IMUIMessageMessageCollectionViewDelegate.swift */ = {isa = PBXFileReference; fileEncoding = 4; lastKnownFileType = sourcecode.swift; path = IMUIMessageMessageCollectionViewDelegate.swift; sourceTree = "<group>"; };
		2461B1F420FC8E6400C2BE53 /* IMUIMessageStatusViewProtocal.swift */ = {isa = PBXFileReference; fileEncoding = 4; lastKnownFileType = sourcecode.swift; path = IMUIMessageStatusViewProtocal.swift; sourceTree = "<group>"; };
		2461B1F520FC8E6400C2BE53 /* IMUIMessageCellProtocal.swift */ = {isa = PBXFileReference; fileEncoding = 4; lastKnownFileType = sourcecode.swift; path = IMUIMessageCellProtocal.swift; sourceTree = "<group>"; };
		2461B1F620FC8E6400C2BE53 /* IMUIMessageCellLayoutProtocal.swift */ = {isa = PBXFileReference; fileEncoding = 4; lastKnownFileType = sourcecode.swift; path = IMUIMessageCellLayoutProtocal.swift; sourceTree = "<group>"; };
		2461B1F720FC8E6400C2BE53 /* IMUIMessageModelProtocol.swift */ = {isa = PBXFileReference; fileEncoding = 4; lastKnownFileType = sourcecode.swift; path = IMUIMessageModelProtocol.swift; sourceTree = "<group>"; };
		2461B1F920FC8E6400C2BE53 /* IMUIChatDataManager.swift */ = {isa = PBXFileReference; fileEncoding = 4; lastKnownFileType = sourcecode.swift; path = IMUIChatDataManager.swift; sourceTree = "<group>"; };
		2461B1FA20FC8E6400C2BE53 /* IMUIVideoFileLoader.swift */ = {isa = PBXFileReference; fileEncoding = 4; lastKnownFileType = sourcecode.swift; path = IMUIVideoFileLoader.swift; sourceTree = "<group>"; };
		2461B1FB20FC8E6400C2BE53 /* IMUIChatLayout.swift */ = {isa = PBXFileReference; fileEncoding = 4; lastKnownFileType = sourcecode.swift; path = IMUIChatLayout.swift; sourceTree = "<group>"; };
		2461B1FD20FC8E6400C2BE53 /* IMUIMessageStatusView.swift */ = {isa = PBXFileReference; fileEncoding = 4; lastKnownFileType = sourcecode.swift; path = IMUIMessageStatusView.swift; sourceTree = "<group>"; };
		2461B1FE20FC8E6400C2BE53 /* IMUIMessageCollectionView.swift */ = {isa = PBXFileReference; fileEncoding = 4; lastKnownFileType = sourcecode.swift; path = IMUIMessageCollectionView.swift; sourceTree = "<group>"; };
		2461B1FF20FC8E6400C2BE53 /* IMUIMessageBubbleView.swift */ = {isa = PBXFileReference; fileEncoding = 4; lastKnownFileType = sourcecode.swift; path = IMUIMessageBubbleView.swift; sourceTree = "<group>"; };
		2461B20020FC8E6400C2BE53 /* IMUITextView.swift */ = {isa = PBXFileReference; fileEncoding = 4; lastKnownFileType = sourcecode.swift; path = IMUITextView.swift; sourceTree = "<group>"; };
		2461B20120FC8E6400C2BE53 /* CIImageView.swift */ = {isa = PBXFileReference; fileEncoding = 4; lastKnownFileType = sourcecode.swift; path = CIImageView.swift; sourceTree = "<group>"; };
		2461B20220FC8E6400C2BE53 /* IMUIVideoMessageCell.swift */ = {isa = PBXFileReference; fileEncoding = 4; lastKnownFileType = sourcecode.swift; path = IMUIVideoMessageCell.swift; sourceTree = "<group>"; };
		2461B20320FC8E6400C2BE53 /* IMUIMessageCollectionView.xib */ = {isa = PBXFileReference; fileEncoding = 4; lastKnownFileType = file.xib; path = IMUIMessageCollectionView.xib; sourceTree = "<group>"; };
		2461B20420FC8E6400C2BE53 /* IMUITextMessageCell.swift */ = {isa = PBXFileReference; fileEncoding = 4; lastKnownFileType = sourcecode.swift; path = IMUITextMessageCell.swift; sourceTree = "<group>"; };
		2461B20520FC8E6400C2BE53 /* IMUIImageMessageCell.swift */ = {isa = PBXFileReference; fileEncoding = 4; lastKnownFileType = sourcecode.swift; path = IMUIImageMessageCell.swift; sourceTree = "<group>"; };
		2461B20620FC8E6400C2BE53 /* IMUIVoiceMessageCell.swift */ = {isa = PBXFileReference; fileEncoding = 4; lastKnownFileType = sourcecode.swift; path = IMUIVoiceMessageCell.swift; sourceTree = "<group>"; };
		2461B20720FC8E6400C2BE53 /* IMUIBaseMessageCell.swift */ = {isa = PBXFileReference; fileEncoding = 4; lastKnownFileType = sourcecode.swift; path = IMUIBaseMessageCell.swift; sourceTree = "<group>"; };
		2461B20820FC8E6400C2BE53 /* IMUILiveVideoMessageCell.swift */ = {isa = PBXFileReference; fileEncoding = 4; lastKnownFileType = sourcecode.swift; path = IMUILiveVideoMessageCell.swift; sourceTree = "<group>"; };
		2461B20A20FC8E6400C2BE53 /* IMUIAssets.bundle */ = {isa = PBXFileReference; lastKnownFileType = "wrapper.plug-in"; path = IMUIAssets.bundle; sourceTree = "<group>"; };
		2461B20D20FC8E6400C2BE53 /* UIColorExtension.swift */ = {isa = PBXFileReference; fileEncoding = 4; lastKnownFileType = sourcecode.swift; path = UIColorExtension.swift; sourceTree = "<group>"; };
		2461B20E20FC8E6400C2BE53 /* CMSampleBufferExtension.swift */ = {isa = PBXFileReference; fileEncoding = 4; lastKnownFileType = sourcecode.swift; path = CMSampleBufferExtension.swift; sourceTree = "<group>"; };
		2461B20F20FC8E6400C2BE53 /* CIImageExtension.swift */ = {isa = PBXFileReference; fileEncoding = 4; lastKnownFileType = sourcecode.swift; path = CIImageExtension.swift; sourceTree = "<group>"; };
		2461B21020FC8E6400C2BE53 /* UIViewExtension.swift */ = {isa = PBXFileReference; fileEncoding = 4; lastKnownFileType = sourcecode.swift; path = UIViewExtension.swift; sourceTree = "<group>"; };
		2461B21120FC8E6400C2BE53 /* StringExtension.swift */ = {isa = PBXFileReference; fileEncoding = 4; lastKnownFileType = sourcecode.swift; path = StringExtension.swift; sourceTree = "<group>"; };
		2461B21220FC8E6400C2BE53 /* UIImageExtension.swift */ = {isa = PBXFileReference; fileEncoding = 4; lastKnownFileType = sourcecode.swift; path = UIImageExtension.swift; sourceTree = "<group>"; };
		2461B21320FC8E6400C2BE53 /* DateExtension.swift */ = {isa = PBXFileReference; fileEncoding = 4; lastKnownFileType = sourcecode.swift; path = DateExtension.swift; sourceTree = "<group>"; };
		2461B21520FC8E6400C2BE53 /* IMUIAudioPlayerHelper.swift */ = {isa = PBXFileReference; fileEncoding = 4; lastKnownFileType = sourcecode.swift; path = IMUIAudioPlayerHelper.swift; sourceTree = "<group>"; };
		625539A31EF3823100F6A239 /* MessageEventCollectionViewCell.swift */ = {isa = PBXFileReference; fileEncoding = 4; lastKnownFileType = sourcecode.swift; path = MessageEventCollectionViewCell.swift; sourceTree = "<group>"; };
		625539A51EF3853700F6A239 /* MessageEventModel.swift */ = {isa = PBXFileReference; fileEncoding = 4; lastKnownFileType = sourcecode.swift; path = MessageEventModel.swift; sourceTree = "<group>"; };
		625B68401ECDEFFF007D2CB2 /* sample.app */ = {isa = PBXFileReference; explicitFileType = wrapper.application; includeInIndex = 0; path = sample.app; sourceTree = BUILT_PRODUCTS_DIR; };
		625B68431ECDEFFF007D2CB2 /* AppDelegate.swift */ = {isa = PBXFileReference; lastKnownFileType = sourcecode.swift; path = AppDelegate.swift; sourceTree = "<group>"; };
		625B68451ECDEFFF007D2CB2 /* ViewController.swift */ = {isa = PBXFileReference; lastKnownFileType = sourcecode.swift; path = ViewController.swift; sourceTree = "<group>"; };
		625B68481ECDEFFF007D2CB2 /* Base */ = {isa = PBXFileReference; lastKnownFileType = file.storyboard; name = Base; path = Base.lproj/Main.storyboard; sourceTree = "<group>"; };
		625B684A1ECDEFFF007D2CB2 /* Assets.xcassets */ = {isa = PBXFileReference; lastKnownFileType = folder.assetcatalog; path = Assets.xcassets; sourceTree = "<group>"; };
		625B684D1ECDEFFF007D2CB2 /* Base */ = {isa = PBXFileReference; lastKnownFileType = file.storyboard; name = Base; path = Base.lproj/LaunchScreen.storyboard; sourceTree = "<group>"; };
		625B684F1ECDEFFF007D2CB2 /* Info.plist */ = {isa = PBXFileReference; lastKnownFileType = text.plist.xml; path = Info.plist; sourceTree = "<group>"; };
		625B68541ECDEFFF007D2CB2 /* sampleTests.xctest */ = {isa = PBXFileReference; explicitFileType = wrapper.cfbundle; includeInIndex = 0; path = sampleTests.xctest; sourceTree = BUILT_PRODUCTS_DIR; };
		625B68581ECDEFFF007D2CB2 /* sampleTests.swift */ = {isa = PBXFileReference; lastKnownFileType = sourcecode.swift; path = sampleTests.swift; sourceTree = "<group>"; };
		625B685A1ECDEFFF007D2CB2 /* Info.plist */ = {isa = PBXFileReference; lastKnownFileType = text.plist.xml; path = Info.plist; sourceTree = "<group>"; };
		625B685F1ECDEFFF007D2CB2 /* sampleUITests.xctest */ = {isa = PBXFileReference; explicitFileType = wrapper.cfbundle; includeInIndex = 0; path = sampleUITests.xctest; sourceTree = BUILT_PRODUCTS_DIR; };
		625B68631ECDEFFF007D2CB2 /* sampleUITests.swift */ = {isa = PBXFileReference; lastKnownFileType = sourcecode.swift; path = sampleUITests.swift; sourceTree = "<group>"; };
		625B68651ECDEFFF007D2CB2 /* Info.plist */ = {isa = PBXFileReference; lastKnownFileType = text.plist.xml; path = Info.plist; sourceTree = "<group>"; };
		625B68E71ECDF07E007D2CB2 /* MyMessageModel.swift */ = {isa = PBXFileReference; fileEncoding = 4; lastKnownFileType = sourcecode.swift; path = MyMessageModel.swift; sourceTree = "<group>"; };
		625B68E81ECDF07E007D2CB2 /* MyUser.swift */ = {isa = PBXFileReference; fileEncoding = 4; lastKnownFileType = sourcecode.swift; path = MyUser.swift; sourceTree = "<group>"; };
		625B68EC1ECDF1A5007D2CB2 /* defoult_header.png */ = {isa = PBXFileReference; lastKnownFileType = image.png; path = defoult_header.png; sourceTree = "<group>"; };
		625B68ED1ECDF1A5007D2CB2 /* defoult_header@2x.png */ = {isa = PBXFileReference; lastKnownFileType = image.png; path = "defoult_header@2x.png"; sourceTree = "<group>"; };
		625B68EE1ECDF1A5007D2CB2 /* defoult_header@3x.png */ = {isa = PBXFileReference; lastKnownFileType = image.png; path = "defoult_header@3x.png"; sourceTree = "<group>"; };
/* End PBXFileReference section */

/* Begin PBXFrameworksBuildPhase section */
		625B683D1ECDEFFF007D2CB2 /* Frameworks */ = {
			isa = PBXFrameworksBuildPhase;
			buildActionMask = 2147483647;
			files = (
			);
			runOnlyForDeploymentPostprocessing = 0;
		};
		625B68511ECDEFFF007D2CB2 /* Frameworks */ = {
			isa = PBXFrameworksBuildPhase;
			buildActionMask = 2147483647;
			files = (
			);
			runOnlyForDeploymentPostprocessing = 0;
		};
		625B685C1ECDEFFF007D2CB2 /* Frameworks */ = {
			isa = PBXFrameworksBuildPhase;
			buildActionMask = 2147483647;
			files = (
			);
			runOnlyForDeploymentPostprocessing = 0;
		};
/* End PBXFrameworksBuildPhase section */

/* Begin PBXGroup section */
		2461B1CE20FC8E6400C2BE53 /* IMUIInputView */ = {
			isa = PBXGroup;
			children = (
				2461B1CF20FC8E6400C2BE53 /* Protocal */,
				2461B1D120FC8E6400C2BE53 /* Extension */,
				2461B1D320FC8E6400C2BE53 /* Controllers */,
				2461B1D820FC8E6400C2BE53 /* Views */,
				2461B1E420FC8E6400C2BE53 /* Assets */,
			);
			path = IMUIInputView;
			sourceTree = "<group>";
		};
		2461B1CF20FC8E6400C2BE53 /* Protocal */ = {
			isa = PBXGroup;
			children = (
				2461B1D020FC8E6400C2BE53 /* IMUIInputViewDelegate.swift */,
			);
			path = Protocal;
			sourceTree = "<group>";
		};
		2461B1D120FC8E6400C2BE53 /* Extension */ = {
			isa = PBXGroup;
			children = (
				2461B1D220FC8E6400C2BE53 /* BundleInputViewExtension.swift */,
			);
			path = Extension;
			sourceTree = "<group>";
		};
		2461B1D320FC8E6400C2BE53 /* Controllers */ = {
			isa = PBXGroup;
			children = (
				2461B1D420FC8E6400C2BE53 /* IMUIRecordVoiceHelper.swift */,
				2461B1D520FC8E6400C2BE53 /* IMUIInputView.swift */,
				2461B1D620FC8E6400C2BE53 /* IMUIGalleryDataManager.swift */,
				2461B1D720FC8E6400C2BE53 /* IMUIInputView.xib */,
			);
			path = Controllers;
			sourceTree = "<group>";
		};
		2461B1D820FC8E6400C2BE53 /* Views */ = {
			isa = PBXGroup;
			children = (
				2461B1D920FC8E6400C2BE53 /* IMUICameraCell.swift */,
				2461B1DA20FC8E6400C2BE53 /* IMUIRecordVoiceCell.swift */,
				2461B1DB20FC8E6400C2BE53 /* IMUIFeatureView.xib */,
				2461B1DC20FC8E6400C2BE53 /* IMUIProgressButton.swift */,
				2461B1DD20FC8E6400C2BE53 /* IMUIFeatureView.swift */,
				2461B1DE20FC8E6400C2BE53 /* IMUICameraCell.xib */,
				2461B1DF20FC8E6400C2BE53 /* IMUIGalleryCell.swift */,
				2461B1E020FC8E6400C2BE53 /* IMUICameraPreviewView.swift */,
				2461B1E120FC8E6400C2BE53 /* IMUIGalleryCell.xib */,
				2461B1E220FC8E6400C2BE53 /* IMUIPhotoCaptureDelegate.swift */,
				2461B1E320FC8E6400C2BE53 /* IMUIRecordVoiceCell.xib */,
			);
			path = Views;
			sourceTree = "<group>";
		};
		2461B1E420FC8E6400C2BE53 /* Assets */ = {
			isa = PBXGroup;
			children = (
				2461B1E520FC8E6400C2BE53 /* IMUIInputViewAssets.bundle */,
			);
			path = Assets;
			sourceTree = "<group>";
		};
		2461B1E620FC8E6400C2BE53 /* IMUIMessageCollectionView */ = {
			isa = PBXGroup;
			children = (
				2461B1E720FC8E6400C2BE53 /* IMUI.h */,
				2461B1E820FC8E6400C2BE53 /* Extension */,
				2461B1EB20FC8E6400C2BE53 /* Layout */,
				2461B1ED20FC8E6400C2BE53 /* Models */,
				2461B1F120FC8E6400C2BE53 /* Protocol */,
				2461B1F820FC8E6400C2BE53 /* Controllers */,
				2461B1FC20FC8E6400C2BE53 /* Views */,
				2461B20920FC8E6400C2BE53 /* Assets */,
			);
			path = IMUIMessageCollectionView;
			sourceTree = "<group>";
		};
		2461B1E820FC8E6400C2BE53 /* Extension */ = {
			isa = PBXGroup;
			children = (
				2461B1E920FC8E6400C2BE53 /* BundleMessageListExtension.swift */,
				2461B1EA20FC8E6400C2BE53 /* UIImageMessageListExtension.swift */,
			);
			path = Extension;
			sourceTree = "<group>";
		};
		2461B1EB20FC8E6400C2BE53 /* Layout */ = {
			isa = PBXGroup;
			children = (
				2461B1EC20FC8E6400C2BE53 /* IMUIMessageCellLayout.swift */,
			);
			path = Layout;
			sourceTree = "<group>";
		};
		2461B1ED20FC8E6400C2BE53 /* Models */ = {
			isa = PBXGroup;
			children = (
				2461B1EE20FC8E6400C2BE53 /* IMUIMessageModel.swift */,
				2461B1EF20FC8E6400C2BE53 /* IMUIViewCache.swift */,
				2461B1F020FC8E6400C2BE53 /* IMUIReuseViewCache.swift */,
			);
			path = Models;
			sourceTree = "<group>";
		};
		2461B1F120FC8E6400C2BE53 /* Protocol */ = {
			isa = PBXGroup;
			children = (
				2461B1F220FC8E6400C2BE53 /* IMUIUserProtocol.swift */,
				2461B1F320FC8E6400C2BE53 /* IMUIMessageMessageCollectionViewDelegate.swift */,
				2461B1F420FC8E6400C2BE53 /* IMUIMessageStatusViewProtocal.swift */,
				2461B1F520FC8E6400C2BE53 /* IMUIMessageCellProtocal.swift */,
				2461B1F620FC8E6400C2BE53 /* IMUIMessageCellLayoutProtocal.swift */,
				2461B1F720FC8E6400C2BE53 /* IMUIMessageModelProtocol.swift */,
			);
			path = Protocol;
			sourceTree = "<group>";
		};
		2461B1F820FC8E6400C2BE53 /* Controllers */ = {
			isa = PBXGroup;
			children = (
				2461B1F920FC8E6400C2BE53 /* IMUIChatDataManager.swift */,
				2461B1FA20FC8E6400C2BE53 /* IMUIVideoFileLoader.swift */,
				2461B1FB20FC8E6400C2BE53 /* IMUIChatLayout.swift */,
			);
			path = Controllers;
			sourceTree = "<group>";
		};
		2461B1FC20FC8E6400C2BE53 /* Views */ = {
			isa = PBXGroup;
			children = (
				2461B1FD20FC8E6400C2BE53 /* IMUIMessageStatusView.swift */,
				2461B1FE20FC8E6400C2BE53 /* IMUIMessageCollectionView.swift */,
				2461B1FF20FC8E6400C2BE53 /* IMUIMessageBubbleView.swift */,
				2461B20020FC8E6400C2BE53 /* IMUITextView.swift */,
				2461B20120FC8E6400C2BE53 /* CIImageView.swift */,
				2461B20220FC8E6400C2BE53 /* IMUIVideoMessageCell.swift */,
				2461B20320FC8E6400C2BE53 /* IMUIMessageCollectionView.xib */,
				2461B20420FC8E6400C2BE53 /* IMUITextMessageCell.swift */,
				2461B20520FC8E6400C2BE53 /* IMUIImageMessageCell.swift */,
				2461B20620FC8E6400C2BE53 /* IMUIVoiceMessageCell.swift */,
				2461B20720FC8E6400C2BE53 /* IMUIBaseMessageCell.swift */,
				2461B20820FC8E6400C2BE53 /* IMUILiveVideoMessageCell.swift */,
			);
			path = Views;
			sourceTree = "<group>";
		};
		2461B20920FC8E6400C2BE53 /* Assets */ = {
			isa = PBXGroup;
			children = (
				2461B20A20FC8E6400C2BE53 /* IMUIAssets.bundle */,
			);
			path = Assets;
			sourceTree = "<group>";
		};
		2461B20B20FC8E6400C2BE53 /* IMUICommon */ = {
			isa = PBXGroup;
			children = (
				2461B20C20FC8E6400C2BE53 /* Extension */,
				2461B21420FC8E6400C2BE53 /* Controllers */,
			);
			path = IMUICommon;
			sourceTree = "<group>";
		};
		2461B20C20FC8E6400C2BE53 /* Extension */ = {
			isa = PBXGroup;
			children = (
				2461B20D20FC8E6400C2BE53 /* UIColorExtension.swift */,
				2461B20E20FC8E6400C2BE53 /* CMSampleBufferExtension.swift */,
				2461B20F20FC8E6400C2BE53 /* CIImageExtension.swift */,
				2461B21020FC8E6400C2BE53 /* UIViewExtension.swift */,
				2461B21120FC8E6400C2BE53 /* StringExtension.swift */,
				2461B21220FC8E6400C2BE53 /* UIImageExtension.swift */,
				2461B21320FC8E6400C2BE53 /* DateExtension.swift */,
			);
			path = Extension;
			sourceTree = "<group>";
		};
		2461B21420FC8E6400C2BE53 /* Controllers */ = {
			isa = PBXGroup;
			children = (
				2461B21520FC8E6400C2BE53 /* IMUIAudioPlayerHelper.swift */,
			);
			path = Controllers;
			sourceTree = "<group>";
		};
		625B68371ECDEFFF007D2CB2 = {
			isa = PBXGroup;
			children = (
				625B68421ECDEFFF007D2CB2 /* sample */,
				625B68571ECDEFFF007D2CB2 /* sampleTests */,
				625B68621ECDEFFF007D2CB2 /* sampleUITests */,
				625B68411ECDEFFF007D2CB2 /* Products */,
			);
			sourceTree = "<group>";
		};
		625B68411ECDEFFF007D2CB2 /* Products */ = {
			isa = PBXGroup;
			children = (
				625B68401ECDEFFF007D2CB2 /* sample.app */,
				625B68541ECDEFFF007D2CB2 /* sampleTests.xctest */,
				625B685F1ECDEFFF007D2CB2 /* sampleUITests.xctest */,
			);
			name = Products;
			sourceTree = "<group>";
		};
		625B68421ECDEFFF007D2CB2 /* sample */ = {
			isa = PBXGroup;
			children = (
				2461B20B20FC8E6400C2BE53 /* IMUICommon */,
				2461B1CE20FC8E6400C2BE53 /* IMUIInputView */,
				2461B1E620FC8E6400C2BE53 /* IMUIMessageCollectionView */,
				625B68431ECDEFFF007D2CB2 /* AppDelegate.swift */,
				625B68451ECDEFFF007D2CB2 /* ViewController.swift */,
				625B68E71ECDF07E007D2CB2 /* MyMessageModel.swift */,
				625539A51EF3853700F6A239 /* MessageEventModel.swift */,
				625539A31EF3823100F6A239 /* MessageEventCollectionViewCell.swift */,
				625B68E81ECDF07E007D2CB2 /* MyUser.swift */,
				625B68EB1ECDF1A5007D2CB2 /* Rescources */,
				625B68471ECDEFFF007D2CB2 /* Main.storyboard */,
				625B684A1ECDEFFF007D2CB2 /* Assets.xcassets */,
				625B684C1ECDEFFF007D2CB2 /* LaunchScreen.storyboard */,
				625B684F1ECDEFFF007D2CB2 /* Info.plist */,
			);
			path = sample;
			sourceTree = "<group>";
		};
		625B68571ECDEFFF007D2CB2 /* sampleTests */ = {
			isa = PBXGroup;
			children = (
				625B68581ECDEFFF007D2CB2 /* sampleTests.swift */,
				625B685A1ECDEFFF007D2CB2 /* Info.plist */,
			);
			path = sampleTests;
			sourceTree = "<group>";
		};
		625B68621ECDEFFF007D2CB2 /* sampleUITests */ = {
			isa = PBXGroup;
			children = (
				625B68631ECDEFFF007D2CB2 /* sampleUITests.swift */,
				625B68651ECDEFFF007D2CB2 /* Info.plist */,
			);
			path = sampleUITests;
			sourceTree = "<group>";
		};
		625B68EB1ECDF1A5007D2CB2 /* Rescources */ = {
			isa = PBXGroup;
			children = (
				625B68EC1ECDF1A5007D2CB2 /* defoult_header.png */,
				625B68ED1ECDF1A5007D2CB2 /* defoult_header@2x.png */,
				625B68EE1ECDF1A5007D2CB2 /* defoult_header@3x.png */,
			);
			path = Rescources;
			sourceTree = "<group>";
		};
/* End PBXGroup section */

/* Begin PBXNativeTarget section */
		625B683F1ECDEFFF007D2CB2 /* sample */ = {
			isa = PBXNativeTarget;
			buildConfigurationList = 625B68681ECDEFFF007D2CB2 /* Build configuration list for PBXNativeTarget "sample" */;
			buildPhases = (
				625B683C1ECDEFFF007D2CB2 /* Sources */,
				625B683D1ECDEFFF007D2CB2 /* Frameworks */,
				625B683E1ECDEFFF007D2CB2 /* Resources */,
			);
			buildRules = (
			);
			dependencies = (
			);
			name = sample;
			productName = sample;
			productReference = 625B68401ECDEFFF007D2CB2 /* sample.app */;
			productType = "com.apple.product-type.application";
		};
		625B68531ECDEFFF007D2CB2 /* sampleTests */ = {
			isa = PBXNativeTarget;
			buildConfigurationList = 625B686B1ECDEFFF007D2CB2 /* Build configuration list for PBXNativeTarget "sampleTests" */;
			buildPhases = (
				625B68501ECDEFFF007D2CB2 /* Sources */,
				625B68511ECDEFFF007D2CB2 /* Frameworks */,
				625B68521ECDEFFF007D2CB2 /* Resources */,
			);
			buildRules = (
			);
			dependencies = (
				625B68561ECDEFFF007D2CB2 /* PBXTargetDependency */,
			);
			name = sampleTests;
			productName = sampleTests;
			productReference = 625B68541ECDEFFF007D2CB2 /* sampleTests.xctest */;
			productType = "com.apple.product-type.bundle.unit-test";
		};
		625B685E1ECDEFFF007D2CB2 /* sampleUITests */ = {
			isa = PBXNativeTarget;
			buildConfigurationList = 625B686E1ECDEFFF007D2CB2 /* Build configuration list for PBXNativeTarget "sampleUITests" */;
			buildPhases = (
				625B685B1ECDEFFF007D2CB2 /* Sources */,
				625B685C1ECDEFFF007D2CB2 /* Frameworks */,
				625B685D1ECDEFFF007D2CB2 /* Resources */,
			);
			buildRules = (
			);
			dependencies = (
				625B68611ECDEFFF007D2CB2 /* PBXTargetDependency */,
			);
			name = sampleUITests;
			productName = sampleUITests;
			productReference = 625B685F1ECDEFFF007D2CB2 /* sampleUITests.xctest */;
			productType = "com.apple.product-type.bundle.ui-testing";
		};
/* End PBXNativeTarget section */

/* Begin PBXProject section */
		625B68381ECDEFFF007D2CB2 /* Project object */ = {
			isa = PBXProject;
			attributes = {
				LastSwiftUpdateCheck = 0830;
				LastUpgradeCheck = 0830;
				ORGANIZATIONNAME = HXHG;
				TargetAttributes = {
					625B683F1ECDEFFF007D2CB2 = {
						CreatedOnToolsVersion = 8.3.2;
						DevelopmentTeam = 489LR4VSW9;
						ProvisioningStyle = Manual;
					};
					625B68531ECDEFFF007D2CB2 = {
						CreatedOnToolsVersion = 8.3.2;
						DevelopmentTeam = RL64Y54S9V;
						ProvisioningStyle = Automatic;
						TestTargetID = 625B683F1ECDEFFF007D2CB2;
					};
					625B685E1ECDEFFF007D2CB2 = {
						CreatedOnToolsVersion = 8.3.2;
						DevelopmentTeam = RL64Y54S9V;
						ProvisioningStyle = Automatic;
						TestTargetID = 625B683F1ECDEFFF007D2CB2;
					};
				};
			};
			buildConfigurationList = 625B683B1ECDEFFF007D2CB2 /* Build configuration list for PBXProject "sample" */;
			compatibilityVersion = "Xcode 3.2";
			developmentRegion = English;
			hasScannedForEncodings = 0;
			knownRegions = (
				en,
				Base,
			);
			mainGroup = 625B68371ECDEFFF007D2CB2;
			productRefGroup = 625B68411ECDEFFF007D2CB2 /* Products */;
			projectDirPath = "";
			projectRoot = "";
			targets = (
				625B683F1ECDEFFF007D2CB2 /* sample */,
				625B68531ECDEFFF007D2CB2 /* sampleTests */,
				625B685E1ECDEFFF007D2CB2 /* sampleUITests */,
			);
		};
/* End PBXProject section */

/* Begin PBXResourcesBuildPhase section */
		625B683E1ECDEFFF007D2CB2 /* Resources */ = {
			isa = PBXResourcesBuildPhase;
			buildActionMask = 2147483647;
			files = (
				625B68EF1ECDF1A5007D2CB2 /* defoult_header.png in Resources */,
				625B684E1ECDEFFF007D2CB2 /* LaunchScreen.storyboard in Resources */,
				2461B22420FC8E6400C2BE53 /* IMUIGalleryCell.xib in Resources */,
				2461B21B20FC8E6400C2BE53 /* IMUIInputView.xib in Resources */,
				2461B22620FC8E6400C2BE53 /* IMUIRecordVoiceCell.xib in Resources */,
				625B68F01ECDF1A5007D2CB2 /* defoult_header@2x.png in Resources */,
				625B684B1ECDEFFF007D2CB2 /* Assets.xcassets in Resources */,
				625B68F11ECDF1A5007D2CB2 /* defoult_header@3x.png in Resources */,
				2461B24320FC8E6400C2BE53 /* IMUIAssets.bundle in Resources */,
				2461B23D20FC8E6400C2BE53 /* IMUIMessageCollectionView.xib in Resources */,
				2461B22720FC8E6400C2BE53 /* IMUIInputViewAssets.bundle in Resources */,
				625B68491ECDEFFF007D2CB2 /* Main.storyboard in Resources */,
				2461B21E20FC8E6400C2BE53 /* IMUIFeatureView.xib in Resources */,
				2461B22120FC8E6400C2BE53 /* IMUICameraCell.xib in Resources */,
			);
			runOnlyForDeploymentPostprocessing = 0;
		};
		625B68521ECDEFFF007D2CB2 /* Resources */ = {
			isa = PBXResourcesBuildPhase;
			buildActionMask = 2147483647;
			files = (
			);
			runOnlyForDeploymentPostprocessing = 0;
		};
		625B685D1ECDEFFF007D2CB2 /* Resources */ = {
			isa = PBXResourcesBuildPhase;
			buildActionMask = 2147483647;
			files = (
			);
			runOnlyForDeploymentPostprocessing = 0;
		};
/* End PBXResourcesBuildPhase section */

/* Begin PBXSourcesBuildPhase section */
		625B683C1ECDEFFF007D2CB2 /* Sources */ = {
			isa = PBXSourcesBuildPhase;
			buildActionMask = 2147483647;
			files = (
				625539A41EF3823200F6A239 /* MessageEventCollectionViewCell.swift in Sources */,
				2461B24A20FC8E6400C2BE53 /* DateExtension.swift in Sources */,
				2461B22920FC8E6400C2BE53 /* UIImageMessageListExtension.swift in Sources */,
				2461B23220FC8E6400C2BE53 /* IMUIMessageCellLayoutProtocal.swift in Sources */,
				2461B24120FC8E6400C2BE53 /* IMUIBaseMessageCell.swift in Sources */,
				2461B22E20FC8E6400C2BE53 /* IMUIUserProtocol.swift in Sources */,
				2461B24020FC8E6400C2BE53 /* IMUIVoiceMessageCell.swift in Sources */,
				2461B24720FC8E6400C2BE53 /* UIViewExtension.swift in Sources */,
				2461B22820FC8E6400C2BE53 /* BundleMessageListExtension.swift in Sources */,
				2461B22C20FC8E6400C2BE53 /* IMUIViewCache.swift in Sources */,
				625539A61EF3853700F6A239 /* MessageEventModel.swift in Sources */,
				2461B23A20FC8E6400C2BE53 /* IMUITextView.swift in Sources */,
				2461B21D20FC8E6400C2BE53 /* IMUIRecordVoiceCell.swift in Sources */,
				2461B22A20FC8E6400C2BE53 /* IMUIMessageCellLayout.swift in Sources */,
				2461B21820FC8E6400C2BE53 /* IMUIRecordVoiceHelper.swift in Sources */,
				2461B23920FC8E6400C2BE53 /* IMUIMessageBubbleView.swift in Sources */,
				2461B24820FC8E6400C2BE53 /* StringExtension.swift in Sources */,
				2461B22220FC8E6400C2BE53 /* IMUIGalleryCell.swift in Sources */,
				2461B22320FC8E6400C2BE53 /* IMUICameraPreviewView.swift in Sources */,
				2461B21F20FC8E6400C2BE53 /* IMUIProgressButton.swift in Sources */,
				2461B23020FC8E6400C2BE53 /* IMUIMessageStatusViewProtocal.swift in Sources */,
				2461B23420FC8E6400C2BE53 /* IMUIChatDataManager.swift in Sources */,
				625B68461ECDEFFF007D2CB2 /* ViewController.swift in Sources */,
				2461B23E20FC8E6400C2BE53 /* IMUITextMessageCell.swift in Sources */,
				2461B23B20FC8E6400C2BE53 /* CIImageView.swift in Sources */,
				2461B22F20FC8E6400C2BE53 /* IMUIMessageMessageCollectionViewDelegate.swift in Sources */,
				2461B21C20FC8E6400C2BE53 /* IMUICameraCell.swift in Sources */,
				2461B23F20FC8E6400C2BE53 /* IMUIImageMessageCell.swift in Sources */,
				2461B21A20FC8E6400C2BE53 /* IMUIGalleryDataManager.swift in Sources */,
				2461B23120FC8E6400C2BE53 /* IMUIMessageCellProtocal.swift in Sources */,
				2461B24520FC8E6400C2BE53 /* CMSampleBufferExtension.swift in Sources */,
				2461B21720FC8E6400C2BE53 /* BundleInputViewExtension.swift in Sources */,
				625B68441ECDEFFF007D2CB2 /* AppDelegate.swift in Sources */,
				2461B23520FC8E6400C2BE53 /* IMUIVideoFileLoader.swift in Sources */,
				2461B23620FC8E6400C2BE53 /* IMUIChatLayout.swift in Sources */,
				2461B23720FC8E6400C2BE53 /* IMUIMessageStatusView.swift in Sources */,
				2461B24420FC8E6400C2BE53 /* UIColorExtension.swift in Sources */,
				2461B22B20FC8E6400C2BE53 /* IMUIMessageModel.swift in Sources */,
				2461B23C20FC8E6400C2BE53 /* IMUIVideoMessageCell.swift in Sources */,
				2461B21620FC8E6400C2BE53 /* IMUIInputViewDelegate.swift in Sources */,
				2461B22D20FC8E6400C2BE53 /* IMUIReuseViewCache.swift in Sources */,
				2461B22020FC8E6400C2BE53 /* IMUIFeatureView.swift in Sources */,
				2461B24220FC8E6400C2BE53 /* IMUILiveVideoMessageCell.swift in Sources */,
				2461B22520FC8E6400C2BE53 /* IMUIPhotoCaptureDelegate.swift in Sources */,
				2461B24920FC8E6400C2BE53 /* UIImageExtension.swift in Sources */,
				2461B21920FC8E6400C2BE53 /* IMUIInputView.swift in Sources */,
				2461B24620FC8E6400C2BE53 /* CIImageExtension.swift in Sources */,
				625B68E91ECDF07E007D2CB2 /* MyMessageModel.swift in Sources */,
				2461B23820FC8E6400C2BE53 /* IMUIMessageCollectionView.swift in Sources */,
				2461B24B20FC8E6400C2BE53 /* IMUIAudioPlayerHelper.swift in Sources */,
				625B68EA1ECDF07E007D2CB2 /* MyUser.swift in Sources */,
				2461B23320FC8E6400C2BE53 /* IMUIMessageModelProtocol.swift in Sources */,
			);
			runOnlyForDeploymentPostprocessing = 0;
		};
		625B68501ECDEFFF007D2CB2 /* Sources */ = {
			isa = PBXSourcesBuildPhase;
			buildActionMask = 2147483647;
			files = (
				625B68591ECDEFFF007D2CB2 /* sampleTests.swift in Sources */,
			);
			runOnlyForDeploymentPostprocessing = 0;
		};
		625B685B1ECDEFFF007D2CB2 /* Sources */ = {
			isa = PBXSourcesBuildPhase;
			buildActionMask = 2147483647;
			files = (
				625B68641ECDEFFF007D2CB2 /* sampleUITests.swift in Sources */,
			);
			runOnlyForDeploymentPostprocessing = 0;
		};
/* End PBXSourcesBuildPhase section */

/* Begin PBXTargetDependency section */
		625B68561ECDEFFF007D2CB2 /* PBXTargetDependency */ = {
			isa = PBXTargetDependency;
			target = 625B683F1ECDEFFF007D2CB2 /* sample */;
			targetProxy = 625B68551ECDEFFF007D2CB2 /* PBXContainerItemProxy */;
		};
		625B68611ECDEFFF007D2CB2 /* PBXTargetDependency */ = {
			isa = PBXTargetDependency;
			target = 625B683F1ECDEFFF007D2CB2 /* sample */;
			targetProxy = 625B68601ECDEFFF007D2CB2 /* PBXContainerItemProxy */;
		};
/* End PBXTargetDependency section */

/* Begin PBXVariantGroup section */
		625B68471ECDEFFF007D2CB2 /* Main.storyboard */ = {
			isa = PBXVariantGroup;
			children = (
				625B68481ECDEFFF007D2CB2 /* Base */,
			);
			name = Main.storyboard;
			sourceTree = "<group>";
		};
		625B684C1ECDEFFF007D2CB2 /* LaunchScreen.storyboard */ = {
			isa = PBXVariantGroup;
			children = (
				625B684D1ECDEFFF007D2CB2 /* Base */,
			);
			name = LaunchScreen.storyboard;
			sourceTree = "<group>";
		};
/* End PBXVariantGroup section */

/* Begin XCBuildConfiguration section */
		625B68661ECDEFFF007D2CB2 /* Debug */ = {
			isa = XCBuildConfiguration;
			buildSettings = {
				ALWAYS_SEARCH_USER_PATHS = NO;
				CLANG_ANALYZER_NONNULL = YES;
				CLANG_ANALYZER_NUMBER_OBJECT_CONVERSION = YES_AGGRESSIVE;
				CLANG_CXX_LANGUAGE_STANDARD = "gnu++0x";
				CLANG_CXX_LIBRARY = "libc++";
				CLANG_ENABLE_MODULES = YES;
				CLANG_ENABLE_OBJC_ARC = YES;
				CLANG_WARN_BOOL_CONVERSION = YES;
				CLANG_WARN_CONSTANT_CONVERSION = YES;
				CLANG_WARN_DIRECT_OBJC_ISA_USAGE = YES_ERROR;
				CLANG_WARN_DOCUMENTATION_COMMENTS = YES;
				CLANG_WARN_EMPTY_BODY = YES;
				CLANG_WARN_ENUM_CONVERSION = YES;
				CLANG_WARN_INFINITE_RECURSION = YES;
				CLANG_WARN_INT_CONVERSION = YES;
				CLANG_WARN_OBJC_ROOT_CLASS = YES_ERROR;
				CLANG_WARN_SUSPICIOUS_MOVE = YES;
				CLANG_WARN_UNREACHABLE_CODE = YES;
				CLANG_WARN__DUPLICATE_METHOD_MATCH = YES;
				"CODE_SIGN_IDENTITY[sdk=iphoneos*]" = "iPhone Developer";
				COPY_PHASE_STRIP = NO;
				DEBUG_INFORMATION_FORMAT = dwarf;
				ENABLE_STRICT_OBJC_MSGSEND = YES;
				ENABLE_TESTABILITY = YES;
				GCC_C_LANGUAGE_STANDARD = gnu99;
				GCC_DYNAMIC_NO_PIC = NO;
				GCC_NO_COMMON_BLOCKS = YES;
				GCC_OPTIMIZATION_LEVEL = 0;
				GCC_PREPROCESSOR_DEFINITIONS = (
					"DEBUG=1",
					"$(inherited)",
				);
				GCC_WARN_64_TO_32_BIT_CONVERSION = YES;
				GCC_WARN_ABOUT_RETURN_TYPE = YES_ERROR;
				GCC_WARN_UNDECLARED_SELECTOR = YES;
				GCC_WARN_UNINITIALIZED_AUTOS = YES_AGGRESSIVE;
				GCC_WARN_UNUSED_FUNCTION = YES;
				GCC_WARN_UNUSED_VARIABLE = YES;
				IPHONEOS_DEPLOYMENT_TARGET = 10.3;
				MTL_ENABLE_DEBUG_INFO = YES;
				ONLY_ACTIVE_ARCH = YES;
				SDKROOT = iphoneos;
				SWIFT_ACTIVE_COMPILATION_CONDITIONS = DEBUG;
				SWIFT_OPTIMIZATION_LEVEL = "-Onone";
				TARGETED_DEVICE_FAMILY = "1,2";
			};
			name = Debug;
		};
		625B68671ECDEFFF007D2CB2 /* Release */ = {
			isa = XCBuildConfiguration;
			buildSettings = {
				ALWAYS_SEARCH_USER_PATHS = NO;
				CLANG_ANALYZER_NONNULL = YES;
				CLANG_ANALYZER_NUMBER_OBJECT_CONVERSION = YES_AGGRESSIVE;
				CLANG_CXX_LANGUAGE_STANDARD = "gnu++0x";
				CLANG_CXX_LIBRARY = "libc++";
				CLANG_ENABLE_MODULES = YES;
				CLANG_ENABLE_OBJC_ARC = YES;
				CLANG_WARN_BOOL_CONVERSION = YES;
				CLANG_WARN_CONSTANT_CONVERSION = YES;
				CLANG_WARN_DIRECT_OBJC_ISA_USAGE = YES_ERROR;
				CLANG_WARN_DOCUMENTATION_COMMENTS = YES;
				CLANG_WARN_EMPTY_BODY = YES;
				CLANG_WARN_ENUM_CONVERSION = YES;
				CLANG_WARN_INFINITE_RECURSION = YES;
				CLANG_WARN_INT_CONVERSION = YES;
				CLANG_WARN_OBJC_ROOT_CLASS = YES_ERROR;
				CLANG_WARN_SUSPICIOUS_MOVE = YES;
				CLANG_WARN_UNREACHABLE_CODE = YES;
				CLANG_WARN__DUPLICATE_METHOD_MATCH = YES;
				"CODE_SIGN_IDENTITY[sdk=iphoneos*]" = "iPhone Developer";
				COPY_PHASE_STRIP = NO;
				DEBUG_INFORMATION_FORMAT = "dwarf-with-dsym";
				ENABLE_NS_ASSERTIONS = NO;
				ENABLE_STRICT_OBJC_MSGSEND = YES;
				GCC_C_LANGUAGE_STANDARD = gnu99;
				GCC_NO_COMMON_BLOCKS = YES;
				GCC_WARN_64_TO_32_BIT_CONVERSION = YES;
				GCC_WARN_ABOUT_RETURN_TYPE = YES_ERROR;
				GCC_WARN_UNDECLARED_SELECTOR = YES;
				GCC_WARN_UNINITIALIZED_AUTOS = YES_AGGRESSIVE;
				GCC_WARN_UNUSED_FUNCTION = YES;
				GCC_WARN_UNUSED_VARIABLE = YES;
				IPHONEOS_DEPLOYMENT_TARGET = 10.3;
				MTL_ENABLE_DEBUG_INFO = NO;
				SDKROOT = iphoneos;
				SWIFT_OPTIMIZATION_LEVEL = "-Owholemodule";
				TARGETED_DEVICE_FAMILY = "1,2";
				VALIDATE_PRODUCT = YES;
			};
			name = Release;
		};
		625B68691ECDEFFF007D2CB2 /* Debug */ = {
			isa = XCBuildConfiguration;
			buildSettings = {
				ASSETCATALOG_COMPILER_APPICON_NAME = AppIcon;
				CODE_SIGN_STYLE = Manual;
				DEVELOPMENT_TEAM = 489LR4VSW9;
				GCC_OPTIMIZATION_LEVEL = 1;
				INFOPLIST_FILE = sample/Info.plist;
				IPHONEOS_DEPLOYMENT_TARGET = 8.0;
				LD_RUNPATH_SEARCH_PATHS = "$(inherited) @executable_path/Frameworks";
				PRODUCT_BUNDLE_IDENTIFIER = com.ihidea.dazhuanjiaios;
				PRODUCT_NAME = "$(TARGET_NAME)";
				PROVISIONING_PROFILE = "a2ae13fb-4834-4a89-9569-136ee387c710";
				PROVISIONING_PROFILE_SPECIFIER = dazhuanjia_dev;
				SWIFT_VERSION = 4.0;
			};
			name = Debug;
		};
		625B686A1ECDEFFF007D2CB2 /* Release */ = {
			isa = XCBuildConfiguration;
			buildSettings = {
				ASSETCATALOG_COMPILER_APPICON_NAME = AppIcon;
				CODE_SIGN_STYLE = Manual;
				DEVELOPMENT_TEAM = "";
				INFOPLIST_FILE = sample/Info.plist;
				IPHONEOS_DEPLOYMENT_TARGET = 8.0;
				LD_RUNPATH_SEARCH_PATHS = "$(inherited) @executable_path/Frameworks";
				PRODUCT_BUNDLE_IDENTIFIER = com.ihidea.dazhuanjiaios;
				PRODUCT_NAME = "$(TARGET_NAME)";
				PROVISIONING_PROFILE_SPECIFIER = "";
				SWIFT_VERSION = 4.0;
			};
			name = Release;
		};
		625B686C1ECDEFFF007D2CB2 /* Debug */ = {
			isa = XCBuildConfiguration;
			buildSettings = {
				ALWAYS_EMBED_SWIFT_STANDARD_LIBRARIES = YES;
				BUNDLE_LOADER = "$(TEST_HOST)";
				DEVELOPMENT_TEAM = RL64Y54S9V;
				INFOPLIST_FILE = sampleTests/Info.plist;
				LD_RUNPATH_SEARCH_PATHS = "$(inherited) @executable_path/Frameworks @loader_path/Frameworks";
				PRODUCT_BUNDLE_IDENTIFIER = HXHG.sampleTests;
				PRODUCT_NAME = "$(TARGET_NAME)";
				SWIFT_VERSION = 3.0;
				TEST_HOST = "$(BUILT_PRODUCTS_DIR)/sample.app/sample";
			};
			name = Debug;
		};
		625B686D1ECDEFFF007D2CB2 /* Release */ = {
			isa = XCBuildConfiguration;
			buildSettings = {
				ALWAYS_EMBED_SWIFT_STANDARD_LIBRARIES = YES;
				BUNDLE_LOADER = "$(TEST_HOST)";
				DEVELOPMENT_TEAM = RL64Y54S9V;
				INFOPLIST_FILE = sampleTests/Info.plist;
				LD_RUNPATH_SEARCH_PATHS = "$(inherited) @executable_path/Frameworks @loader_path/Frameworks";
				PRODUCT_BUNDLE_IDENTIFIER = HXHG.sampleTests;
				PRODUCT_NAME = "$(TARGET_NAME)";
				SWIFT_VERSION = 3.0;
				TEST_HOST = "$(BUILT_PRODUCTS_DIR)/sample.app/sample";
			};
			name = Release;
		};
		625B686F1ECDEFFF007D2CB2 /* Debug */ = {
			isa = XCBuildConfiguration;
			buildSettings = {
				ALWAYS_EMBED_SWIFT_STANDARD_LIBRARIES = YES;
				DEVELOPMENT_TEAM = RL64Y54S9V;
				INFOPLIST_FILE = sampleUITests/Info.plist;
				LD_RUNPATH_SEARCH_PATHS = "$(inherited) @executable_path/Frameworks @loader_path/Frameworks";
				PRODUCT_BUNDLE_IDENTIFIER = HXHG.sampleUITests;
				PRODUCT_NAME = "$(TARGET_NAME)";
				SWIFT_VERSION = 3.0;
				TEST_TARGET_NAME = sample;
			};
			name = Debug;
		};
		625B68701ECDEFFF007D2CB2 /* Release */ = {
			isa = XCBuildConfiguration;
			buildSettings = {
				ALWAYS_EMBED_SWIFT_STANDARD_LIBRARIES = YES;
				DEVELOPMENT_TEAM = RL64Y54S9V;
				INFOPLIST_FILE = sampleUITests/Info.plist;
				LD_RUNPATH_SEARCH_PATHS = "$(inherited) @executable_path/Frameworks @loader_path/Frameworks";
				PRODUCT_BUNDLE_IDENTIFIER = HXHG.sampleUITests;
				PRODUCT_NAME = "$(TARGET_NAME)";
				SWIFT_VERSION = 3.0;
				TEST_TARGET_NAME = sample;
			};
			name = Release;
		};
/* End XCBuildConfiguration section */

/* Begin XCConfigurationList section */
		625B683B1ECDEFFF007D2CB2 /* Build configuration list for PBXProject "sample" */ = {
			isa = XCConfigurationList;
			buildConfigurations = (
				625B68661ECDEFFF007D2CB2 /* Debug */,
				625B68671ECDEFFF007D2CB2 /* Release */,
			);
			defaultConfigurationIsVisible = 0;
			defaultConfigurationName = Release;
		};
		625B68681ECDEFFF007D2CB2 /* Build configuration list for PBXNativeTarget "sample" */ = {
			isa = XCConfigurationList;
			buildConfigurations = (
				625B68691ECDEFFF007D2CB2 /* Debug */,
				625B686A1ECDEFFF007D2CB2 /* Release */,
			);
			defaultConfigurationIsVisible = 0;
			defaultConfigurationName = Release;
		};
		625B686B1ECDEFFF007D2CB2 /* Build configuration list for PBXNativeTarget "sampleTests" */ = {
			isa = XCConfigurationList;
			buildConfigurations = (
				625B686C1ECDEFFF007D2CB2 /* Debug */,
				625B686D1ECDEFFF007D2CB2 /* Release */,
			);
			defaultConfigurationIsVisible = 0;
			defaultConfigurationName = Release;
		};
		625B686E1ECDEFFF007D2CB2 /* Build configuration list for PBXNativeTarget "sampleUITests" */ = {
			isa = XCConfigurationList;
			buildConfigurations = (
				625B686F1ECDEFFF007D2CB2 /* Debug */,
				625B68701ECDEFFF007D2CB2 /* Release */,
			);
			defaultConfigurationIsVisible = 0;
			defaultConfigurationName = Release;
		};
/* End XCConfigurationList section */
	};
	rootObject = 625B68381ECDEFFF007D2CB2 /* Project object */;
}
